{
  "name": "articles",
  "version": "1.0.0",
  "lockfileVersion": 3,
  "requires": true,
  "packages": {
    "": {
      "name": "articles",
      "version": "1.0.0",
      "dependencies": {
        "prettier": "^3.6.2",
        "zenn-cli": "^0.1.158"
      }
    },
    "node_modules/prettier": {
      "version": "3.6.2",
      "resolved": "https://registry.npmjs.org/prettier/-/prettier-3.6.2.tgz",
      "integrity": "sha512-I7AIg5boAr5R0FFtJ6rCfD+LFsWHp81dolrFD8S79U9tb8Az2nGrJncnMSnys+bpQJfRUzqs9hnA81OAA3hCuQ==",
      "license": "MIT",
      "bin": {
        "prettier": "bin/prettier.cjs"
      },
      "engines": {
        "node": ">=14"
      },
      "funding": {
        "url": "https://github.com/prettier/prettier?sponsor=1"
      }
    },
    "node_modules/zenn-cli": {
      "version": "0.1.158",
      "resolved": "https://registry.npmjs.org/zenn-cli/-/zenn-cli-0.1.158.tgz",
      "integrity": "sha512-bvQ96fK+9qw+SKxEmncg/rYU+1u0V6Bh+HuV8By+u4L+VZt/jn9hFyL+KWj/2ncSBDtcEBo6XLsCdNLxlUo+RA==",
      "bin": {
        "zenn": "dist/server/zenn.js"
      },
      "engines": {
        "node": ">=14.0.0"
      }
    }
  }
}
